
Microsoft Visual Studio Solution File, Format Version 12.00
# Visual Studio Version 16
VisualStudioVersion = 16.0.31105.61
MinimumVisualStudioVersion = 10.0.40219.1
Project("{FAE04EC0-301F-11D3-BF4B-00C04F79EFBC}") = "Baratok", "Baratok\Baratok.csproj", "{69E64D80-AAAC-4EA9-8D04-753526FCD870}"
EndProject
Project("{FAE04EC0-301F-11D3-BF4B-00C04F79EFBC}") = "OOPalap", "OOPalap\OOPalap.csproj", "{C2DB1DEC-D7F4-4968-A181-23E497321192}"
EndProject
Project("{FAE04EC0-301F-11D3-BF4B-00C04F79EFBC}") = "Poliform", "Poliform\Poliform.csproj", "{E0F97997-7FF5-4E10-8BD9-B35FC612F3CA}"
EndProject
Global
	GlobalSection(SolutionConfigurationPlatforms) = preSolution
		Debug|Any CPU = Debug|Any CPU
		Release|Any CPU = Release|Any CPU
	EndGlobalSection
	GlobalSection(ProjectConfigurationPlatforms) = postSolution
		{69E64D80-AAAC-4EA9-8D04-753526FCD870}.Debug|Any CPU.ActiveCfg = Debug|Any CPU
		{69E64D80-AAAC-4EA9-8D04-753526FCD870}.Debug|Any CPU.Build.0 = Debug|Any CPU
		{69E64D80-AAAC-4EA9-8D04-753526FCD870}.Release|Any CPU.ActiveCfg = Release|Any CPU
		{69E64D80-AAAC-4EA9-8D04-753526FCD870}.Release|Any CPU.Build.0 = Release|Any CPU
		{C2DB1DEC-D7F4-4968-A181-23E497321192}.Debug|Any CPU.ActiveCfg = Debug|Any CPU
		{C2DB1DEC-D7F4-4968-A181-23E497321192}.Debug|Any CPU.Build.0 = Debug|Any CPU
		{C2DB1DEC-D7F4-4968-A181-23E497321192}.Release|Any CPU.ActiveCfg = Release|Any CPU
		{C2DB1DEC-D7F4-4968-A181-23E497321192}.Release|Any CPU.Build.0 = Release|Any CPU
		{E0F97997-7FF5-4E10-8BD9-B35FC612F3CA}.Debug|Any CPU.ActiveCfg = Debug|Any CPU
		{E0F97997-7FF5-4E10-8BD9-B35FC612F3CA}.Debug|Any CPU.Build.0 = Debug|Any CPU
		{E0F97997-7FF5-4E10-8BD9-B35FC612F3CA}.Release|Any CPU.ActiveCfg = Release|Any CPU
		{E0F97997-7FF5-4E10-8BD9-B35FC612F3CA}.Release|Any CPU.Build.0 = Release|Any CPU
	EndGlobalSection
	GlobalSection(SolutionProperties) = preSolution
		HideSolutionNode = FALSE
	EndGlobalSection
	GlobalSection(ExtensibilityGlobals) = postSolution
		SolutionGuid = {B7E326FB-DC64-4C93-B91C-F9818F7F9CB8}
	EndGlobalSection
EndGlobal
